
Microsoft Visual Studio Solution File, Format Version 12.00
# Visual Studio 14
VisualStudioVersion = 14.0.24720.0
MinimumVisualStudioVersion = 10.0.40219.1
Project("{FAE04EC0-301F-11D3-BF4B-00C04F79EFBC}") = "WifiManager", "WifiManager\WifiManager.csproj", "{E173CAEA-93F1-44F4-8810-DDF79ED1AF64}"
EndProject
Project("{FAE04EC0-301F-11D3-BF4B-00C04F79EFBC}") = "WifiConsole", "WifiConsole\WifiConsole.csproj", "{EC7A7124-5354-49A6-BCE8-5A18C042810B}"
EndProject
Global
	GlobalSection(SolutionConfigurationPlatforms) = preSolution
		Debug|Any CPU = Debug|Any CPU
		Release|Any CPU = Release|Any CPU
	EndGlobalSection
	GlobalSection(ProjectConfigurationPlatforms) = postSolution
		{E173CAEA-93F1-44F4-8810-DDF79ED1AF64}.Debug|Any CPU.ActiveCfg = Debug|Any CPU
		{E173CAEA-93F1-44F4-8810-DDF79ED1AF64}.Debug|Any CPU.Build.0 = Debug|Any CPU
		{E173CAEA-93F1-44F4-8810-DDF79ED1AF64}.Release|Any CPU.ActiveCfg = Release|Any CPU
		{E173CAEA-93F1-44F4-8810-DDF79ED1AF64}.Release|Any CPU.Build.0 = Release|Any CPU
		{EC7A7124-5354-49A6-BCE8-5A18C042810B}.Debug|Any CPU.ActiveCfg = Debug|Any CPU
		{EC7A7124-5354-49A6-BCE8-5A18C042810B}.Debug|Any CPU.Build.0 = Debug|Any CPU
		{EC7A7124-5354-49A6-BCE8-5A18C042810B}.Release|Any CPU.ActiveCfg = Release|Any CPU
		{EC7A7124-5354-49A6-BCE8-5A18C042810B}.Release|Any CPU.Build.0 = Release|Any CPU
	EndGlobalSection
	GlobalSection(SolutionProperties) = preSolution
		HideSolutionNode = FALSE
	EndGlobalSection
EndGlobal
